
Microsoft Visual Studio Solution File, Format Version 12.00
# Visual Studio Version 17
VisualStudioVersion = 17.9.34310.174
MinimumVisualStudioVersion = 10.0.40219.1
Project("{8BC9CEB8-8B4A-11D0-8D11-00A0C91BC942}") = "LiveRecorderApiSample", "LiveRecorderApiSample.vcxproj", "{890F9EFE-0035-41C7-A51C-E4E1981B8D75}"
EndProject
Global
	GlobalSection(SolutionConfigurationPlatforms) = preSolution
		Debug|ARM64 = Debug|ARM64
		Debug|x64 = Debug|x64
		Debug|x86 = Debug|x86
		Release|ARM64 = Release|ARM64
		Release|x64 = Release|x64
		Release|x86 = Release|x86
	EndGlobalSection
	GlobalSection(ProjectConfigurationPlatforms) = postSolution
		{890F9EFE-0035-41C7-A51C-E4E1981B8D75}.Debug|ARM64.ActiveCfg = Debug|ARM64
		{890F9EFE-0035-41C7-A51C-E4E1981B8D75}.Debug|ARM64.Build.0 = Debug|ARM64
		{890F9EFE-0035-41C7-A51C-E4E1981B8D75}.Debug|x64.ActiveCfg = Debug|x64
		{890F9EFE-0035-41C7-A51C-E4E1981B8D75}.Debug|x64.Build.0 = Debug|x64
		{890F9EFE-0035-41C7-A51C-E4E1981B8D75}.Debug|x86.ActiveCfg = Debug|Win32
		{890F9EFE-0035-41C7-A51C-E4E1981B8D75}.Debug|x86.Build.0 = Debug|Win32
		{890F9EFE-0035-41C7-A51C-E4E1981B8D75}.Release|ARM64.ActiveCfg = Release|ARM64
		{890F9EFE-0035-41C7-A51C-E4E1981B8D75}.Release|ARM64.Build.0 = Release|ARM64
		{890F9EFE-0035-41C7-A51C-E4E1981B8D75}.Release|x64.ActiveCfg = Release|x64
		{890F9EFE-0035-41C7-A51C-E4E1981B8D75}.Release|x64.Build.0 = Release|x64
		{890F9EFE-0035-41C7-A51C-E4E1981B8D75}.Release|x86.ActiveCfg = Release|Win32
		{890F9EFE-0035-41C7-A51C-E4E1981B8D75}.Release|x86.Build.0 = Release|Win32
	EndGlobalSection
	GlobalSection(SolutionProperties) = preSolution
		HideSolutionNode = FALSE
	EndGlobalSection
	GlobalSection(ExtensibilityGlobals) = postSolution
		SolutionGuid = {2F6D99C8-E739-42EA-B5F2-B97B98C45358}
	EndGlobalSection
EndGlobal
