
Microsoft Visual Studio Solution File, Format Version 12.00
# Visual Studio 15
VisualStudioVersion = 15.0.28307.168
MinimumVisualStudioVersion = 10.0.40219.1
Project("{8BC9CEB8-8B4A-11D0-8D11-00A0C91BC942}") = "SimpleIntroRawCOM", "SimpleIntroRawCOM\SimpleIntroRawCOM.vcxproj", "{B01D0F49-77C0-4BE1-BF5A-1176F58CCAAF}"
EndProject
Global
	GlobalSection(SolutionConfigurationPlatforms) = preSolution
		Debug|x64 = Debug|x64
		Debug|x86 = Debug|x86
		Release|x64 = Release|x64
		Release|x86 = Release|x86
	EndGlobalSection
	GlobalSection(ProjectConfigurationPlatforms) = postSolution
		{B01D0F49-77C0-4BE1-BF5A-1176F58CCAAF}.Debug|x64.ActiveCfg = Debug|x64
		{B01D0F49-77C0-4BE1-BF5A-1176F58CCAAF}.Debug|x64.Build.0 = Debug|x64
		{B01D0F49-77C0-4BE1-BF5A-1176F58CCAAF}.Debug|x86.ActiveCfg = Debug|Win32
		{B01D0F49-77C0-4BE1-BF5A-1176F58CCAAF}.Debug|x86.Build.0 = Debug|Win32
		{B01D0F49-77C0-4BE1-BF5A-1176F58CCAAF}.Release|x64.ActiveCfg = Release|x64
		{B01D0F49-77C0-4BE1-BF5A-1176F58CCAAF}.Release|x64.Build.0 = Release|x64
		{B01D0F49-77C0-4BE1-BF5A-1176F58CCAAF}.Release|x86.ActiveCfg = Release|Win32
		{B01D0F49-77C0-4BE1-BF5A-1176F58CCAAF}.Release|x86.Build.0 = Release|Win32
	EndGlobalSection
	GlobalSection(SolutionProperties) = preSolution
		HideSolutionNode = FALSE
	EndGlobalSection
	GlobalSection(ExtensibilityGlobals) = postSolution
		SolutionGuid = {D0A68A24-8371-4A76-B7C1-CFFEB017A9D9}
	EndGlobalSection
EndGlobal
