<?xml version="1.0" encoding="utf-8"?>
<Project ToolsVersion="4.0" xmlns="http://schemas.microsoft.com/developer/msbuild/2003">
  <ItemGroup>
    <ClCompile Include="ApiProvider.cpp" />
    <ClCompile Include="Extension.cpp" />
    <ClCompile Include="ImportSymbols.cpp" />
    <ClCompile Include="SymbolBase.cpp" />
    <ClCompile Include="SymbolData.cpp" />
    <ClCompile Include="SymbolFunction.cpp" />
    <ClCompile Include="SymbolServices.cpp" />
    <ClCompile Include="SymbolSet.cpp" />
    <ClCompile Include="SymbolTypes.cpp" />
    <ClCompile Include="SymManager.cpp" />
    <ClCompile Include="RangeBuilder.cpp" />
    <ClCompile Include="CallingConvention.cpp" />
  </ItemGroup>
  <ItemGroup>
    <ClInclude Include="ApiProvider.h" />
    <ClInclude Include="HelpStrings.h" />
    <ClInclude Include="ImportSymbols.h" />
    <ClInclude Include="InternalGuids.h" />
    <ClInclude Include="ObjectModel.h" />
    <ClInclude Include="SymbolBase.h" />
    <ClInclude Include="SymbolData.h" />
    <ClInclude Include="SymbolFunction.h" />
    <ClInclude Include="SymbolServices.h" />
    <ClInclude Include="SymbolSet.h" />
    <ClInclude Include="SymbolTypes.h" />
    <ClInclude Include="SymBuilder.h" />
    <ClInclude Include="SymManager.h" />
    <ClInclude Include="RangeBuilder.h" />
    <ClInclude Include="CallingConvention.h" />
  </ItemGroup>
  <ItemGroup>
    <ResourceCompile Include="SymBuilder.rc" />
  </ItemGroup>
  <ItemGroup>
    <None Include="amd64\dbgcore.dll" />
    <None Include="amd64\dbgeng.dll" />
    <None Include="amd64\dbghelp.dll" />
    <None Include="amd64\dbgmodel.dll" />
    <None Include="arm64\dbgcore.dll" />
    <None Include="arm64\dbgeng.dll" />
    <None Include="arm64\dbghelp.dll" />
    <None Include="arm64\dbgmodel.dll" />
    <None Include="packages.config" />
    <None Include="woa\dbgcore.dll" />
    <None Include="woa\dbgeng.dll" />
    <None Include="woa\dbghelp.dll" />
    <None Include="woa\dbgmodel.dll" />
    <None Include="x86\dbgcore.dll" />
    <None Include="x86\dbgeng.dll" />
    <None Include="x86\dbghelp.dll" />
    <None Include="x86\dbgmodel.dll" />
  </ItemGroup>
</Project>