Microsoft Visual Studio Solution File, Format Version 12.00
# Visual Studio Version 17
VisualStudioVersion = 17.14.36301.6
MinimumVisualStudioVersion = 10.0.40219.1
Project("{8BC9CEB8-8B4A-11D0-8D11-00A0C91BC942}") = "TraceInformation", "TraceInformation.vcxproj", "{F7CA61EF-3D53-4361-99AE-CA2240031C46}"
EndProject
Global
	GlobalSection(SolutionConfigurationPlatforms) = preSolution
		Debug|ARM64 = Debug|ARM64
		Debug|x64 = Debug|x64
		Debug|x86 = Debug|x86
		Release|ARM64 = Release|ARM64
		Release|x64 = Release|x64
		Release|x86 = Release|x86
	EndGlobalSection
	GlobalSection(ProjectConfigurationPlatforms) = postSolution
		{F7CA61EF-3D53-4361-99AE-CA2240031C46}.Debug|ARM64.ActiveCfg = Debug|ARM64
		{F7CA61EF-3D53-4361-99AE-CA2240031C46}.Debug|ARM64.Build.0 = Debug|ARM64
		{F7CA61EF-3D53-4361-99AE-CA2240031C46}.Debug|x64.ActiveCfg = Debug|x64
		{F7CA61EF-3D53-4361-99AE-CA2240031C46}.Debug|x64.Build.0 = Debug|x64
		{F7CA61EF-3D53-4361-99AE-CA2240031C46}.Debug|x86.ActiveCfg = Debug|Win32
		{F7CA61EF-3D53-4361-99AE-CA2240031C46}.Debug|x86.Build.0 = Debug|Win32
		{F7CA61EF-3D53-4361-99AE-CA2240031C46}.Release|ARM64.ActiveCfg = Release|ARM64
		{F7CA61EF-3D53-4361-99AE-CA2240031C46}.Release|ARM64.Build.0 = Release|ARM64
		{F7CA61EF-3D53-4361-99AE-CA2240031C46}.Release|x64.ActiveCfg = Release|x64
		{F7CA61EF-3D53-4361-99AE-CA2240031C46}.Release|x64.Build.0 = Release|x64
		{F7CA61EF-3D53-4361-99AE-CA2240031C46}.Release|x86.ActiveCfg = Release|Win32
		{F7CA61EF-3D53-4361-99AE-CA2240031C46}.Release|x86.Build.0 = Release|Win32
	EndGlobalSection
	GlobalSection(SolutionProperties) = preSolution
		HideSolutionNode = FALSE
	EndGlobalSection
	GlobalSection(ExtensibilityGlobals) = postSolution
		SolutionGuid = {4317D6A0-3CBB-4668-BF1A-167CB1C00051}
	EndGlobalSection
EndGlobal
