<?xml version="1.0" encoding="utf-8"?>
<Project ToolsVersion="4.0" xmlns="http://schemas.microsoft.com/developer/msbuild/2003">
  <ItemGroup>
    <Filter Include="Source Files">
      <UniqueIdentifier>{4FC737F1-C7A5-4376-A066-2A32D752A2FF}</UniqueIdentifier>
      <Extensions>cpp;c;cc;cxx;def;odl;idl;hpj;bat;asm;asmx</Extensions>
    </Filter>
    <Filter Include="Header Files">
      <UniqueIdentifier>{93995380-89BD-4b04-88EB-625FBE52EBFB}</UniqueIdentifier>
      <Extensions>h;hpp;hxx;hm;inl;inc;xsd</Extensions>
    </Filter>
    <Filter Include="Resource Files">
      <UniqueIdentifier>{67DA6AB6-F800-4c08-8B7A-83BB121AAD01}</UniqueIdentifier>
      <Extensions>rc;ico;cur;bmp;dlg;rc2;rct;bin;rgs;gif;jpg;jpeg;jpe;resx;tiff;tif;png;wav;mfcribbon-ms</Extensions>
    </Filter>
    <Filter Include="Generated Files">
      <UniqueIdentifier>{69fc6261-260a-43ad-b426-e60cc60a9ea6}</UniqueIdentifier>
      <SourceControlFiles>False</SourceControlFiles>
    </Filter>
  </ItemGroup>
  <ItemGroup>
    <ClCompile Include="stdafx.cpp">
      <Filter>Source Files</Filter>
    </ClCompile>
    <ClCompile Include="dllmain.cpp">
      <Filter>Source Files</Filter>
    </ClCompile>
    <ClCompile Include="StaticExdiSampleServer.cpp">
      <Filter>Source Files</Filter>
    </ClCompile>
    <ClCompile Include="LiveExdiSampleServer.cpp">
      <Filter>Source Files</Filter>
    </ClCompile>
    <ClCompile Include="GeneratedSources\ExdiKdSample_i.c">
      <Filter>Source Files</Filter>
    </ClCompile>
    <ClCompile Include="ExdiKdSample.cpp">
      <Filter>Source Files</Filter>
    </ClCompile>
  </ItemGroup>
  <ItemGroup>
    <ClInclude Include="stdafx.h">
      <Filter>Header Files</Filter>
    </ClInclude>
    <ClInclude Include="targetver.h">
      <Filter>Header Files</Filter>
    </ClInclude>
    <ClInclude Include="Resource.h">
      <Filter>Header Files</Filter>
    </ClInclude>
    <ClInclude Include="dllmain.h">
      <Filter>Header Files</Filter>
    </ClInclude>
    <ClInclude Include="KDCommandLogger.h">
      <Filter>Header Files</Filter>
    </ClInclude>
    <ClInclude Include="StaticExdiSampleServer.h">
      <Filter>Header Files</Filter>
    </ClInclude>
    <ClInclude Include="ArgumentHelpers.h">
      <Filter>Header Files</Filter>
    </ClInclude>
    <ClInclude Include="LiveExdiSampleServer.h">
      <Filter>Header Files</Filter>
    </ClInclude>
    <ClInclude Include="InterfaceMarshalHelper.h">
      <Filter>Header Files</Filter>
    </ClInclude>
    <ClInclude Include="BasicExdiBreakpoint.h">
      <Filter>Header Files</Filter>
    </ClInclude>
    <ClInclude Include="GeneratedSources\ExdiKdSample_h.h">
      <Filter>Header Files</Filter>
    </ClInclude>
  </ItemGroup>
  <ItemGroup>
    <Text Include="ReadMe.txt" />
  </ItemGroup>
  <ItemGroup>
    <None Include="StaticExdiSampleServer.rgs">
      <Filter>Resource Files</Filter>
    </None>
    <None Include="LiveExdiSampleServer.rgs">
      <Filter>Resource Files</Filter>
    </None>
    <None Include="ExdiKdSample.def">
      <Filter>Source Files</Filter>
    </None>
    <None Include="ExdiKdSample.rgs">
      <Filter>Resource Files</Filter>
    </None>
  </ItemGroup>
  <ItemGroup>
    <Midl Include="ExdiKdSample.idl">
      <Filter>Source Files</Filter>
    </Midl>
  </ItemGroup>
  <ItemGroup>
    <ResourceCompile Include="ExdiKdSample.rc">
      <Filter>Resource Files</Filter>
    </ResourceCompile>
  </ItemGroup>
</Project>